
Microsoft Visual Studio Solution File, Format Version 12.00
# Visual Studio Version 17
VisualStudioVersion = 17.4.33213.308
MinimumVisualStudioVersion = 10.0.40219.1
Project("{9A19103F-16F7-4668-BE54-9A1E7A4F7556}") = "Messaging", "Messaging\Messaging.csproj", "{358F7D40-ED3B-4260-AA60-F217ABB4CEAE}"
EndProject
Project("{FAE04EC0-301F-11D3-BF4B-00C04F79EFBC}") = "CarRace", "CarRace\CarRace.csproj", "{0B4E91EA-E541-496A-9734-CB0D6C7E9D36}"
EndProject
Project("{FAE04EC0-301F-11D3-BF4B-00C04F79EFBC}") = "Take-Skip Rope", "Take-Skip Rope\Take-Skip Rope.csproj", "{4413075C-E205-42A4-9C7F-46FD34AEF77E}"
EndProject
Project("{FAE04EC0-301F-11D3-BF4B-00C04F79EFBC}") = "MixedUpLists", "MixedUpLists\MixedUpLists.csproj", "{3BC9F360-300E-409D-8FBD-F448E6202FCA}"
EndProject
Project("{FAE04EC0-301F-11D3-BF4B-00C04F79EFBC}") = "DrumSet", "DrumSet\DrumSet.csproj", "{BAEFF40C-883C-4B64-A372-D5DE44624481}"
EndProject
Global
	GlobalSection(SolutionConfigurationPlatforms) = preSolution
		Debug|Any CPU = Debug|Any CPU
		Release|Any CPU = Release|Any CPU
	EndGlobalSection
	GlobalSection(ProjectConfigurationPlatforms) = postSolution
		{358F7D40-ED3B-4260-AA60-F217ABB4CEAE}.Debug|Any CPU.ActiveCfg = Debug|Any CPU
		{358F7D40-ED3B-4260-AA60-F217ABB4CEAE}.Debug|Any CPU.Build.0 = Debug|Any CPU
		{358F7D40-ED3B-4260-AA60-F217ABB4CEAE}.Release|Any CPU.ActiveCfg = Release|Any CPU
		{358F7D40-ED3B-4260-AA60-F217ABB4CEAE}.Release|Any CPU.Build.0 = Release|Any CPU
		{0B4E91EA-E541-496A-9734-CB0D6C7E9D36}.Debug|Any CPU.ActiveCfg = Debug|Any CPU
		{0B4E91EA-E541-496A-9734-CB0D6C7E9D36}.Debug|Any CPU.Build.0 = Debug|Any CPU
		{0B4E91EA-E541-496A-9734-CB0D6C7E9D36}.Release|Any CPU.ActiveCfg = Release|Any CPU
		{0B4E91EA-E541-496A-9734-CB0D6C7E9D36}.Release|Any CPU.Build.0 = Release|Any CPU
		{4413075C-E205-42A4-9C7F-46FD34AEF77E}.Debug|Any CPU.ActiveCfg = Debug|Any CPU
		{4413075C-E205-42A4-9C7F-46FD34AEF77E}.Debug|Any CPU.Build.0 = Debug|Any CPU
		{4413075C-E205-42A4-9C7F-46FD34AEF77E}.Release|Any CPU.ActiveCfg = Release|Any CPU
		{4413075C-E205-42A4-9C7F-46FD34AEF77E}.Release|Any CPU.Build.0 = Release|Any CPU
		{3BC9F360-300E-409D-8FBD-F448E6202FCA}.Debug|Any CPU.ActiveCfg = Debug|Any CPU
		{3BC9F360-300E-409D-8FBD-F448E6202FCA}.Debug|Any CPU.Build.0 = Debug|Any CPU
		{3BC9F360-300E-409D-8FBD-F448E6202FCA}.Release|Any CPU.ActiveCfg = Release|Any CPU
		{3BC9F360-300E-409D-8FBD-F448E6202FCA}.Release|Any CPU.Build.0 = Release|Any CPU
		{BAEFF40C-883C-4B64-A372-D5DE44624481}.Debug|Any CPU.ActiveCfg = Debug|Any CPU
		{BAEFF40C-883C-4B64-A372-D5DE44624481}.Debug|Any CPU.Build.0 = Debug|Any CPU
		{BAEFF40C-883C-4B64-A372-D5DE44624481}.Release|Any CPU.ActiveCfg = Release|Any CPU
		{BAEFF40C-883C-4B64-A372-D5DE44624481}.Release|Any CPU.Build.0 = Release|Any CPU
	EndGlobalSection
	GlobalSection(SolutionProperties) = preSolution
		HideSolutionNode = FALSE
	EndGlobalSection
	GlobalSection(ExtensibilityGlobals) = postSolution
		SolutionGuid = {E71952C7-9C85-427A-872A-3F544D495F3C}
	EndGlobalSection
EndGlobal
